// !$*UTF8*$!
{
	archiveVersion = 1;
	classes = {
	};
	objectVersion = 46;
	objects = {

/* Begin PBXBuildFile section */
		FAF7929C1B3AFD510036589D /* main.m in Sources */ = {isa = PBXBuildFile; fileRef = FAF7929B1B3AFD510036589D /* main.m */; };
		FAF7929F1B3AFD510036589D /* AppDelegate.m in Sources */ = {isa = PBXBuildFile; fileRef = FAF7929E1B3AFD510036589D /* AppDelegate.m */; };
		FAF792A21B3AFD510036589D /* MasterViewController.m in Sources */ = {isa = PBXBuildFile; fileRef = FAF792A11B3AFD510036589D /* MasterViewController.m */; };
		FAF792A51B3AFD510036589D /* DetailViewController.m in Sources */ = {isa = PBXBuildFile; fileRef = FAF792A41B3AFD510036589D /* DetailViewController.m */; };
		FAF792A81B3AFD510036589D /* Main.storyboard in Resources */ = {isa = PBXBuildFile; fileRef = FAF792A61B3AFD510036589D /* Main.storyboard */; };
		FAF792AA1B3AFD510036589D /* Images.xcassets in Resources */ = {isa = PBXBuildFile; fileRef = FAF792A91B3AFD510036589D /* Images.xcassets */; };
		FAF792AD1B3AFD510036589D /* LaunchScreen.xib in Resources */ = {isa = PBXBuildFile; fileRef = FAF792AB1B3AFD510036589D /* LaunchScreen.xib */; };
		FAF792B91B3AFD510036589D /* ToDoListTests.m in Sources */ = {isa = PBXBuildFile; fileRef = FAF792B81B3AFD510036589D /* ToDoListTests.m */; };
/* End PBXBuildFile section */

/* Begin PBXContainerItemProxy section */
		FAF792B31B3AFD510036589D /* PBXContainerItemProxy */ = {
			isa = PBXContainerItemProxy;
			containerPortal = FAF7928E1B3AFD510036589D /* Project object */;
			proxyType = 1;
			remoteGlobalIDString = FAF792951B3AFD510036589D;
			remoteInfo = ToDoList;
		};
/* End PBXContainerItemProxy section */

/* Begin PBXFileReference section */
		FAF792961B3AFD510036589D /* ToDoList.app */ = {isa = PBXFileReference; explicitFileType = wrapper.application; includeInIndex = 0; path = ToDoList.app; sourceTree = BUILT_PRODUCTS_DIR; };
		FAF7929A1B3AFD510036589D /* Info.plist */ = {isa = PBXFileReference; lastKnownFileType = text.plist.xml; path = Info.plist; sourceTree = "<group>"; };
		FAF7929B1B3AFD510036589D /* main.m */ = {isa = PBXFileReference; lastKnownFileType = sourcecode.c.objc; path = main.m; sourceTree = "<group>"; };
		FAF7929D1B3AFD510036589D /* AppDelegate.h */ = {isa = PBXFileReference; lastKnownFileType = sourcecode.c.h; path = AppDelegate.h; sourceTree = "<group>"; };
		FAF7929E1B3AFD510036589D /* AppDelegate.m */ = {isa = PBXFileReference; lastKnownFileType = sourcecode.c.objc; path = AppDelegate.m; sourceTree = "<group>"; };
		FAF792A01B3AFD510036589D /* MasterViewController.h */ = {isa = PBXFileReference; lastKnownFileType = sourcecode.c.h; path = MasterViewController.h; sourceTree = "<group>"; };
		FAF792A11B3AFD510036589D /* MasterViewController.m */ = {isa = PBXFileReference; lastKnownFileType = sourcecode.c.objc; path = MasterViewController.m; sourceTree = "<group>"; };
		FAF792A31B3AFD510036589D /* DetailViewController.h */ = {isa = PBXFileReference; lastKnownFileType = sourcecode.c.h; path = DetailViewController.h; sourceTree = "<group>"; };
		FAF792A41B3AFD510036589D /* DetailViewController.m */ = {isa = PBXFileReference; lastKnownFileType = sourcecode.c.objc; path = DetailViewController.m; sourceTree = "<group>"; };
		FAF792A71B3AFD510036589D /* Base */ = {isa = PBXFileReference; lastKnownFileType = file.storyboard; name = Base; path = Base.lproj/Main.storyboard; sourceTree = "<group>"; };
		FAF792A91B3AFD510036589D /* Images.xcassets */ = {isa = PBXFileReference; lastKnownFileType = folder.assetcatalog; path = Images.xcassets; sourceTree = "<group>"; };
		FAF792AC1B3AFD510036589D /* Base */ = {isa = PBXFileReference; lastKnownFileType = file.xib; name = Base; path = Base.lproj/LaunchScreen.xib; sourceTree = "<group>"; };
		FAF792B21B3AFD510036589D /* ToDoListTests.xctest */ = {isa = PBXFileReference; explicitFileType = wrapper.cfbundle; includeInIndex = 0; path = ToDoListTests.xctest; sourceTree = BUILT_PRODUCTS_DIR; };
		FAF792B71B3AFD510036589D /* Info.plist */ = {isa = PBXFileReference; lastKnownFileType = text.plist.xml; path = Info.plist; sourceTree = "<group>"; };
		FAF792B81B3AFD510036589D /* ToDoListTests.m */ = {isa = PBXFileReference; lastKnownFileType = sourcecode.c.objc; path = ToDoListTests.m; sourceTree = "<group>"; };
/* End PBXFileReference section */

/* Begin PBXFrameworksBuildPhase section */
		FAF792931B3AFD510036589D /* Frameworks */ = {
			isa = PBXFrameworksBuildPhase;
			buildActionMask = 2147483647;
			files = (
			);
			runOnlyForDeploymentPostprocessing = 0;
		};
		FAF792AF1B3AFD510036589D /* Frameworks */ = {
			isa = PBXFrameworksBuildPhase;
			buildActionMask = 2147483647;
			files = (
			);
			runOnlyForDeploymentPostprocessing = 0;
		};
/* End PBXFrameworksBuildPhase section */

/* Begin PBXGroup section */
		FAF7928D1B3AFD510036589D = {
			isa = PBXGroup;
			children = (
				FAF792981B3AFD510036589D /* ToDoList */,
				FAF792B51B3AFD510036589D /* ToDoListTests */,
				FAF792971B3AFD510036589D /* Products */,
			);
			sourceTree = "<group>";
		};
		FAF792971B3AFD510036589D /* Products */ = {
			isa = PBXGroup;
			children = (
				FAF792961B3AFD510036589D /* ToDoList.app */,
				FAF792B21B3AFD510036589D /* ToDoListTests.xctest */,
			);
			name = Products;
			sourceTree = "<group>";
		};
		FAF792981B3AFD510036589D /* ToDoList */ = {
			isa = PBXGroup;
			children = (
				FAF7929D1B3AFD510036589D /* AppDelegate.h */,
				FAF7929E1B3AFD510036589D /* AppDelegate.m */,
				FAF792A01B3AFD510036589D /* MasterViewController.h */,
				FAF792A11B3AFD510036589D /* MasterViewController.m */,
				FAF792A31B3AFD510036589D /* DetailViewController.h */,
				FAF792A41B3AFD510036589D /* DetailViewController.m */,
				FAF792A61B3AFD510036589D /* Main.storyboard */,
				FAF792A91B3AFD510036589D /* Images.xcassets */,
				FAF792AB1B3AFD510036589D /* LaunchScreen.xib */,
				FAF792991B3AFD510036589D /* Supporting Files */,
			);
			path = ToDoList;
			sourceTree = "<group>";
		};
		FAF792991B3AFD510036589D /* Supporting Files */ = {
			isa = PBXGroup;
			children = (
				FAF7929A1B3AFD510036589D /* Info.plist */,
				FAF7929B1B3AFD510036589D /* main.m */,
			);
			name = "Supporting Files";
			sourceTree = "<group>";
		};
		FAF792B51B3AFD510036589D /* ToDoListTests */ = {
			isa = PBXGroup;
			children = (
				FAF792B81B3AFD510036589D /* ToDoListTests.m */,
				FAF792B61B3AFD510036589D /* Supporting Files */,
			);
			path = ToDoListTests;
			sourceTree = "<group>";
		};
		FAF792B61B3AFD510036589D /* Supporting Files */ = {
			isa = PBXGroup;
			children = (
				FAF792B71B3AFD510036589D /* Info.plist */,
			);
			name = "Supporting Files";
			sourceTree = "<group>";
		};
/* End PBXGroup section */

/* Begin PBXNativeTarget section */
		FAF792951B3AFD510036589D /* ToDoList */ = {
			isa = PBXNativeTarget;
			buildConfigurationList = FAF792BC1B3AFD510036589D /* Build configuration list for PBXNativeTarget "ToDoList" */;
			buildPhases = (
				FAF792921B3AFD510036589D /* Sources */,
				FAF792931B3AFD510036589D /* Frameworks */,
				FAF792941B3AFD510036589D /* Resources */,
			);
			buildRules = (
			);
			dependencies = (
			);
			name = ToDoList;
			productName = ToDoList;
			productReference = FAF792961B3AFD510036589D /* ToDoList.app */;
			productType = "com.apple.product-type.application";
		};
		FAF792B11B3AFD510036589D /* ToDoListTests */ = {
			isa = PBXNativeTarget;
			buildConfigurationList = FAF792BF1B3AFD510036589D /* Build configuration list for PBXNativeTarget "ToDoListTests" */;
			buildPhases = (
				FAF792AE1B3AFD510036589D /* Sources */,
				FAF792AF1B3AFD510036589D /* Frameworks */,
				FAF792B01B3AFD510036589D /* Resources */,
			);
			buildRules = (
			);
			dependencies = (
				FAF792B41B3AFD510036589D /* PBXTargetDependency */,
			);
			name = ToDoListTests;
			productName = ToDoListTests;
			productReference = FAF792B21B3AFD510036589D /* ToDoListTests.xctest */;
			productType = "com.apple.product-type.bundle.unit-test";
		};
/* End PBXNativeTarget section */

/* Begin PBXProject section */
		FAF7928E1B3AFD510036589D /* Project object */ = {
			isa = PBXProject;
			attributes = {
				LastUpgradeCheck = 0630;
				ORGANIZATIONNAME = Alex;
				TargetAttributes = {
					FAF792951B3AFD510036589D = {
						CreatedOnToolsVersion = 6.3.1;
					};
					FAF792B11B3AFD510036589D = {
						CreatedOnToolsVersion = 6.3.1;
						TestTargetID = FAF792951B3AFD510036589D;
					};
				};
			};
			buildConfigurationList = FAF792911B3AFD510036589D /* Build configuration list for PBXProject "ToDoList" */;
			compatibilityVersion = "Xcode 3.2";
			developmentRegion = English;
			hasScannedForEncodings = 0;
			knownRegions = (
				en,
				Base,
			);
			mainGroup = FAF7928D1B3AFD510036589D;
			productRefGroup = FAF792971B3AFD510036589D /* Products */;
			projectDirPath = "";
			projectRoot = "";
			targets = (
				FAF792951B3AFD510036589D /* ToDoList */,
				FAF792B11B3AFD510036589D /* ToDoListTests */,
			);
		};
/* End PBXProject section */

/* Begin PBXResourcesBuildPhase section */
		FAF792941B3AFD510036589D /* Resources */ = {
			isa = PBXResourcesBuildPhase;
			buildActionMask = 2147483647;
			files = (
				FAF792A81B3AFD510036589D /* Main.storyboard in Resources */,
				FAF792AD1B3AFD510036589D /* LaunchScreen.xib in Resources */,
				FAF792AA1B3AFD510036589D /* Images.xcassets in Resources */,
			);
			runOnlyForDeploymentPostprocessing = 0;
		};
		FAF792B01B3AFD510036589D /* Resources */ = {
			isa = PBXResourcesBuildPhase;
			buildActionMask = 2147483647;
			files = (
			);
			runOnlyForDeploymentPostprocessing = 0;
		};
/* End PBXResourcesBuildPhase section */

/* Begin PBXSourcesBuildPhase section */
		FAF792921B3AFD510036589D /* Sources */ = {
			isa = PBXSourcesBuildPhase;
			buildActionMask = 2147483647;
			files = (
				FAF7929F1B3AFD510036589D /* AppDelegate.m in Sources */,
				FAF792A21B3AFD510036589D /* MasterViewController.m in Sources */,
				FAF7929C1B3AFD510036589D /* main.m in Sources */,
				FAF792A51B3AFD510036589D /* DetailViewController.m in Sources */,
			);
			runOnlyForDeploymentPostprocessing = 0;
		};
		FAF792AE1B3AFD510036589D /* Sources */ = {
			isa = PBXSourcesBuildPhase;
			buildActionMask = 2147483647;
			files = (
				FAF792B91B3AFD510036589D /* ToDoListTests.m in Sources */,
			);
			runOnlyForDeploymentPostprocessing = 0;
		};
/* End PBXSourcesBuildPhase section */

/* Begin PBXTargetDependency section */
		FAF792B41B3AFD510036589D /* PBXTargetDependency */ = {
			isa = PBXTargetDependency;
			target = FAF792951B3AFD510036589D /* ToDoList */;
			targetProxy = FAF792B31B3AFD510036589D /* PBXContainerItemProxy */;
		};
/* End PBXTargetDependency section */

/* Begin PBXVariantGroup section */
		FAF792A61B3AFD510036589D /* Main.storyboard */ = {
			isa = PBXVariantGroup;
			children = (
				FAF792A71B3AFD510036589D /* Base */,
			);
			name = Main.storyboard;
			sourceTree = "<group>";
		};
		FAF792AB1B3AFD510036589D /* LaunchScreen.xib */ = {
			isa = PBXVariantGroup;
			children = (
				FAF792AC1B3AFD510036589D /* Base */,
			);
			name = LaunchScreen.xib;
			sourceTree = "<group>";
		};
/* End PBXVariantGroup section */

/* Begin XCBuildConfiguration section */
		FAF792BA1B3AFD510036589D /* Debug */ = {
			isa = XCBuildConfiguration;
			buildSettings = {
				ALWAYS_SEARCH_USER_PATHS = NO;
				CLANG_CXX_LANGUAGE_STANDARD = "gnu++0x";
				CLANG_CXX_LIBRARY = "libc++";
				CLANG_ENABLE_MODULES = YES;
				CLANG_ENABLE_OBJC_ARC = YES;
				CLANG_WARN_BOOL_CONVERSION = YES;
				CLANG_WARN_CONSTANT_CONVERSION = YES;
				CLANG_WARN_DIRECT_OBJC_ISA_USAGE = YES_ERROR;
				CLANG_WARN_EMPTY_BODY = YES;
				CLANG_WARN_ENUM_CONVERSION = YES;
				CLANG_WARN_INT_CONVERSION = YES;
				CLANG_WARN_OBJC_ROOT_CLASS = YES_ERROR;
				CLANG_WARN_UNREACHABLE_CODE = YES;
				CLANG_WARN__DUPLICATE_METHOD_MATCH = YES;
				"CODE_SIGN_IDENTITY[sdk=iphoneos*]" = "iPhone Developer";
				COPY_PHASE_STRIP = NO;
				DEBUG_INFORMATION_FORMAT = "dwarf-with-dsym";
				ENABLE_STRICT_OBJC_MSGSEND = YES;
				GCC_C_LANGUAGE_STANDARD = gnu99;
				GCC_DYNAMIC_NO_PIC = NO;
				GCC_NO_COMMON_BLOCKS = YES;
				GCC_OPTIMIZATION_LEVEL = 0;
				GCC_PREPROCESSOR_DEFINITIONS = (
					"DEBUG=1",
					"$(inherited)",
				);
				GCC_SYMBOLS_PRIVATE_EXTERN = NO;
				GCC_WARN_64_TO_32_BIT_CONVERSION = YES;
				GCC_WARN_ABOUT_RETURN_TYPE = YES_ERROR;
				GCC_WARN_UNDECLARED_SELECTOR = YES;
				GCC_WARN_UNINITIALIZED_AUTOS = YES_AGGRESSIVE;
				GCC_WARN_UNUSED_FUNCTION = YES;
				GCC_WARN_UNUSED_VARIABLE = YES;
				IPHONEOS_DEPLOYMENT_TARGET = 8.3;
				MTL_ENABLE_DEBUG_INFO = YES;
				ONLY_ACTIVE_ARCH = YES;
				SDKROOT = iphoneos;
			};
			name = Debug;
		};
		FAF792BB1B3AFD510036589D /* Release */ = {
			isa = XCBuildConfiguration;
			buildSettings = {
				ALWAYS_SEARCH_USER_PATHS = NO;
				CLANG_CXX_LANGUAGE_STANDARD = "gnu++0x";
				CLANG_CXX_LIBRARY = "libc++";
				CLANG_ENABLE_MODULES = YES;
				CLANG_ENABLE_OBJC_ARC = YES;
				CLANG_WARN_BOOL_CONVERSION = YES;
				CLANG_WARN_CONSTANT_CONVERSION = YES;
				CLANG_WARN_DIRECT_OBJC_ISA_USAGE = YES_ERROR;
				CLANG_WARN_EMPTY_BODY = YES;
				CLANG_WARN_ENUM_CONVERSION = YES;
				CLANG_WARN_INT_CONVERSION = YES;
				CLANG_WARN_OBJC_ROOT_CLASS = YES_ERROR;
				CLANG_WARN_UNREACHABLE_CODE = YES;
				CLANG_WARN__DUPLICATE_METHOD_MATCH = YES;
				"CODE_SIGN_IDENTITY[sdk=iphoneos*]" = "iPhone Developer";
				COPY_PHASE_STRIP = NO;
				DEBUG_INFORMATION_FORMAT = "dwarf-with-dsym";
				ENABLE_NS_ASSERTIONS = NO;
				ENABLE_STRICT_OBJC_MSGSEND = YES;
				GCC_C_LANGUAGE_STANDARD = gnu99;
				GCC_NO_COMMON_BLOCKS = YES;
				GCC_WARN_64_TO_32_BIT_CONVERSION = YES;
				GCC_WARN_ABOUT_RETURN_TYPE = YES_ERROR;
				GCC_WARN_UNDECLARED_SELECTOR = YES;
				GCC_WARN_UNINITIALIZED_AUTOS = YES_AGGRESSIVE;
				GCC_WARN_UNUSED_FUNCTION = YES;
				GCC_WARN_UNUSED_VARIABLE = YES;
				IPHONEOS_DEPLOYMENT_TARGET = 8.3;
				MTL_ENABLE_DEBUG_INFO = NO;
				SDKROOT = iphoneos;
				VALIDATE_PRODUCT = YES;
			};
			name = Release;
		};
		FAF792BD1B3AFD510036589D /* Debug */ = {
			isa = XCBuildConfiguration;
			buildSettings = {
				ASSETCATALOG_COMPILER_APPICON_NAME = AppIcon;
				INFOPLIST_FILE = ToDoList/Info.plist;
				LD_RUNPATH_SEARCH_PATHS = "$(inherited) @executable_path/Frameworks";
				PRODUCT_NAME = "$(TARGET_NAME)";
			};
			name = Debug;
		};
		FAF792BE1B3AFD510036589D /* Release */ = {
			isa = XCBuildConfiguration;
			buildSettings = {
				ASSETCATALOG_COMPILER_APPICON_NAME = AppIcon;
				INFOPLIST_FILE = ToDoList/Info.plist;
				LD_RUNPATH_SEARCH_PATHS = "$(inherited) @executable_path/Frameworks";
				PRODUCT_NAME = "$(TARGET_NAME)";
			};
			name = Release;
		};
		FAF792C01B3AFD510036589D /* Debug */ = {
			isa = XCBuildConfiguration;
			buildSettings = {
				BUNDLE_LOADER = "$(TEST_HOST)";
				FRAMEWORK_SEARCH_PATHS = (
					"$(SDKROOT)/Developer/Library/Frameworks",
					"$(inherited)",
				);
				GCC_PREPROCESSOR_DEFINITIONS = (
					"DEBUG=1",
					"$(inherited)",
				);
				INFOPLIST_FILE = ToDoListTests/Info.plist;
				LD_RUNPATH_SEARCH_PATHS = "$(inherited) @executable_path/Frameworks @loader_path/Frameworks";
				PRODUCT_NAME = "$(TARGET_NAME)";
				TEST_HOST = "$(BUILT_PRODUCTS_DIR)/ToDoList.app/ToDoList";
			};
			name = Debug;
		};
		FAF792C11B3AFD510036589D /* Release */ = {
			isa = XCBuildConfiguration;
			buildSettings = {
				BUNDLE_LOADER = "$(TEST_HOST)";
				FRAMEWORK_SEARCH_PATHS = (
					"$(SDKROOT)/Developer/Library/Frameworks",
					"$(inherited)",
				);
				INFOPLIST_FILE = ToDoListTests/Info.plist;
				LD_RUNPATH_SEARCH_PATHS = "$(inherited) @executable_path/Frameworks @loader_path/Frameworks";
				PRODUCT_NAME = "$(TARGET_NAME)";
				TEST_HOST = "$(BUILT_PRODUCTS_DIR)/ToDoList.app/ToDoList";
			};
			name = Release;
		};
/* End XCBuildConfiguration section */

/* Begin XCConfigurationList section */
		FAF792911B3AFD510036589D /* Build configuration list for PBXProject "ToDoList" */ = {
			isa = XCConfigurationList;
			buildConfigurations = (
				FAF792BA1B3AFD510036589D /* Debug */,
				FAF792BB1B3AFD510036589D /* Release */,
			);
			defaultConfigurationIsVisible = 0;
			defaultConfigurationName = Release;
		};
		FAF792BC1B3AFD510036589D /* Build configuration list for PBXNativeTarget "ToDoList" */ = {
			isa = XCConfigurationList;
			buildConfigurations = (
				FAF792BD1B3AFD510036589D /* Debug */,
				FAF792BE1B3AFD510036589D /* Release */,
			);
			defaultConfigurationIsVisible = 0;
		};
		FAF792BF1B3AFD510036589D /* Build configuration list for PBXNativeTarget "ToDoListTests" */ = {
			isa = XCConfigurationList;
			buildConfigurations = (
				FAF792C01B3AFD510036589D /* Debug */,
				FAF792C11B3AFD510036589D /* Release */,
			);
			defaultConfigurationIsVisible = 0;
		};
/* End XCConfigurationList section */
	};
	rootObject = FAF7928E1B3AFD510036589D /* Project object */;
}
